{
  "name": "assets",
  "lockfileVersion": 3,
  "requires": true,
  "packages": {
    "": {
      "dependencies": {
        "daisyui": "^5.7.38",
        "heroicons": "^2.2.0",
        "phoenix": "../deps/phoenix",
        "phoenix_html": "../deps/phoenix_html",
        "phoenix_live_view": "../deps/phoenix_live_view",
        "topbar": "^3.0.1",
        "workbox-cacheable-response": "^7.4.0",
        "workbox-core": "^7.4.0",
        "workbox-expiration": "^7.4.0",
        "workbox-range-requests": "^7.4.0",
        "workbox-routing": "^7.4.0",
        "workbox-strategies": "^7.4.0"
      }
    },
    "../deps/phoenix": {
      "version": "1.8.14",
      "license": "MIT",
      "devDependencies": {
        "@babel/cli": "7.29.7",
        "@babel/core": "7.29.7",
        "@babel/preset-env": "7.29.7",
        "@eslint/js": "^10.0.1",
        "@stylistic/eslint-plugin": "^5.0.0",
        "documentation": "^14.0.3",
        "eslint": "10.4.1",
        "eslint-plugin-jest": "29.15.2",
        "jest": "^30.0.0",
        "jest-environment-jsdom": "^30.0.0",
        "jsdom": "^29.0.1",
        "mock-socket": "^9.3.1"
      }
    },
    "../deps/phoenix_html": {
      "version": "4.3.0"
    },
    "../deps/phoenix_live_view": {
      "version": "1.2.12",
      "license": "MIT",
      "devDependencies": {
        "@babel/cli": "8.0.4",
        "@babel/core": "8.0.1",
        "@babel/preset-env": "^8.0.2",
        "@babel/preset-typescript": "^8.0.1",
        "@eslint/js": "^10.0.1",
        "@playwright/test": "^1.62.0",
        "@types/jest": "^30.0.0",
        "@types/phoenix": "^1.6.7",
        "css.escape": "^1.5.1",
        "eslint": "^10.8.0",
        "eslint-plugin-jest": "^29.16.0",
        "eslint-plugin-playwright": "^2.11.0",
        "globals": "^17.8.0",
        "jest": "^30.4.2",
        "jest-environment-jsdom": "^30.4.1",
        "jest-monocart-coverage": "^1.1.1",
        "monocart-reporter": "^2.12.4",
        "morphdom": "github:SteffenDE/morphdom#main",
        "phoenix": "1.8.9",
        "prettier": "3.9.6",
        "typedoc": "^0.28.20",
        "typedoc-plugin-missing-exports": "^4.1.4",
        "typescript": "^6.0",
        "typescript-eslint": "^8.65.0"
      }
    },
    "node_modules/daisyui": {
      "version": "5.7.42",
      "resolved": "https://registry.npmjs.org/daisyui/-/daisyui-5.7.42.tgz",
      "integrity": "sha512-1Enls+br/2ZJG+DHUlaVYMq/hQLTP2hyiTKt0kRBywJjoau0kHy1NDF1Oqo95cyVR1STzZK+7vyz1KxQroJU3w==",
      "license": "MIT",
      "funding": {
        "url": "https://github.com/saadeghi/daisyui?sponsor=1"
      }
    },
    "node_modules/heroicons": {
      "version": "2.2.0",
      "resolved": "https://registry.npmjs.org/heroicons/-/heroicons-2.2.0.tgz",
      "integrity": "sha512-yOwvztmNiBWqR946t+JdgZmyzEmnRMC2nxvHFC90bF1SUttwB6yJKYeme1JeEcBfobdOs827nCyiWBS2z/brog==",
      "license": "MIT"
    },
    "node_modules/idb": {
      "version": "7.1.1",
      "resolved": "https://registry.npmjs.org/idb/-/idb-7.1.1.tgz",
      "integrity": "sha512-gchesWBzyvGHRO9W8tzUWFDycow5gwjvFKfyV9FF32Y7F50yZMp7mP+T2mJIWFx49zicqyC4uefHM17o6xKIVQ==",
      "license": "ISC"
    },
    "node_modules/phoenix": {
      "resolved": "../deps/phoenix",
      "link": true
    },
    "node_modules/phoenix_html": {
      "resolved": "../deps/phoenix_html",
      "link": true
    },
    "node_modules/phoenix_live_view": {
      "resolved": "../deps/phoenix_live_view",
      "link": true
    },
    "node_modules/topbar": {
      "version": "3.0.1",
      "resolved": "https://registry.npmjs.org/topbar/-/topbar-3.0.1.tgz",
      "integrity": "sha512-3CFWdkUC4KLsyLpW8IcX5EXskFtJtNl9O2/qNO/4Ncd/lWgipY/pmyv0D8bw2bTepl/+MUGhNhu2n3IitUuQNA==",
      "license": "MIT"
    },
    "node_modules/workbox-cacheable-response": {
      "version": "7.4.1",
      "resolved": "https://registry.npmjs.org/workbox-cacheable-response/-/workbox-cacheable-response-7.4.1.tgz",
      "integrity": "sha512-8xaFoJdDc2OjrlbbL3gEeBO1WKcMwRqwLRupgqahYXu75yXajPLuwrbXMrIGZuWYXrQwk0xDjOxZ/ujCy/oJYw==",
      "license": "MIT",
      "dependencies": {
        "workbox-core": "7.4.1"
      }
    },
    "node_modules/workbox-core": {
      "version": "7.4.1",
      "resolved": "https://registry.npmjs.org/workbox-core/-/workbox-core-7.4.1.tgz",
      "integrity": "sha512-DT+vu46eh/2vRsSHTY4Xmc32Z1rr9PRlQUXr1Dx30ZuXRWwOsvZgGgcwxcasubQLQmbTNYZjv44LkBAQ4tT5tQ==",
      "license": "MIT"
    },
    "node_modules/workbox-expiration": {
      "version": "7.4.1",
      "resolved": "https://registry.npmjs.org/workbox-expiration/-/workbox-expiration-7.4.1.tgz",
      "integrity": "sha512-lRKUF7b+OGbeXkQk1s6MHXOa3d7Xxf7Of31W6c6hCfipfIyrtdWZ89stq21AHZMaoG7VNFoHply4Ox+rU31TWg==",
      "license": "MIT",
      "dependencies": {
        "idb": "^7.0.1",
        "workbox-core": "7.4.1"
      }
    },
    "node_modules/workbox-range-requests": {
      "version": "7.4.1",
      "resolved": "https://registry.npmjs.org/workbox-range-requests/-/workbox-range-requests-7.4.1.tgz",
      "integrity": "sha512-7i2oxAUE82gHdAJBCAQ04JzNOdRPqzuOzGfoUyJpFSmeqBNYGPrAH8GPoPjUQTfp+NycwrD2H68VtuF8qxv0vQ==",
      "license": "MIT",
      "dependencies": {
        "workbox-core": "7.4.1"
      }
    },
    "node_modules/workbox-routing": {
      "version": "7.4.1",
      "resolved": "https://registry.npmjs.org/workbox-routing/-/workbox-routing-7.4.1.tgz",
      "integrity": "sha512-yubJGErZOusuidAenaL5ypfhQOa7urxP/f8E0ws7FPb4039RiWXUWBAyUkmUoOL/BcQGen3h0J8872d51IYxtA==",
      "license": "MIT",
      "dependencies": {
        "workbox-core": "7.4.1"
      }
    },
    "node_modules/workbox-strategies": {
      "version": "7.4.1",
      "resolved": "https://registry.npmjs.org/workbox-strategies/-/workbox-strategies-7.4.1.tgz",
      "integrity": "sha512-GZxpaw9NbmOelj7667uZ2kpk5BFpOGbO4X0qjwh5ls8XQ8C+Lha5LQchTiUzsTFSS+NlUpftYAyOVXvQUrcqOQ==",
      "license": "MIT",
      "dependencies": {
        "workbox-core": "7.4.1"
      }
    }
  }
}
