lockfileVersion: '9.0'

settings:
  autoInstallPeers: true
  excludeLinksFromLockfile: false

importers:

  .:
    dependencies:
      daisyui:
        specifier: ^5.7.44
        version: 5.7.44
      heroicons:
        specifier: ^2.2.0
        version: 2.2.0
      phoenix:
        specifier: ../deps/phoenix
        version: link:../deps/phoenix
      phoenix_html:
        specifier: ../deps/phoenix_html
        version: link:../deps/phoenix_html
      phoenix_live_view:
        specifier: ../deps/phoenix_live_view
        version: link:../deps/phoenix_live_view
      topbar:
        specifier: ^3.0.1
        version: 3.0.1
      workbox-cacheable-response:
        specifier: ^7.4.0
        version: 7.4.1
      workbox-core:
        specifier: ^7.4.0
        version: 7.4.1
      workbox-expiration:
        specifier: ^7.4.0
        version: 7.4.1
      workbox-range-requests:
        specifier: ^7.4.0
        version: 7.4.1
      workbox-routing:
        specifier: ^7.4.0
        version: 7.4.1
      workbox-strategies:
        specifier: ^7.4.0
        version: 7.4.1

packages:

  daisyui@5.7.44:
    resolution: {integrity: sha512-6lI20/C6tv3t52cVTffFALou6bStVq6miGeZ35H/2/L3JxabpnDiqnBsa7MLRFRc0JEZr4MQdrw8weUUC0puig==}

  heroicons@2.2.0:
    resolution: {integrity: sha512-yOwvztmNiBWqR946t+JdgZmyzEmnRMC2nxvHFC90bF1SUttwB6yJKYeme1JeEcBfobdOs827nCyiWBS2z/brog==}

  idb@7.1.1:
    resolution: {integrity: sha512-gchesWBzyvGHRO9W8tzUWFDycow5gwjvFKfyV9FF32Y7F50yZMp7mP+T2mJIWFx49zicqyC4uefHM17o6xKIVQ==}

  topbar@3.0.1:
    resolution: {integrity: sha512-3CFWdkUC4KLsyLpW8IcX5EXskFtJtNl9O2/qNO/4Ncd/lWgipY/pmyv0D8bw2bTepl/+MUGhNhu2n3IitUuQNA==}

  workbox-cacheable-response@7.4.1:
    resolution: {integrity: sha512-8xaFoJdDc2OjrlbbL3gEeBO1WKcMwRqwLRupgqahYXu75yXajPLuwrbXMrIGZuWYXrQwk0xDjOxZ/ujCy/oJYw==}

  workbox-core@7.4.1:
    resolution: {integrity: sha512-DT+vu46eh/2vRsSHTY4Xmc32Z1rr9PRlQUXr1Dx30ZuXRWwOsvZgGgcwxcasubQLQmbTNYZjv44LkBAQ4tT5tQ==}

  workbox-expiration@7.4.1:
    resolution: {integrity: sha512-lRKUF7b+OGbeXkQk1s6MHXOa3d7Xxf7Of31W6c6hCfipfIyrtdWZ89stq21AHZMaoG7VNFoHply4Ox+rU31TWg==}

  workbox-range-requests@7.4.1:
    resolution: {integrity: sha512-7i2oxAUE82gHdAJBCAQ04JzNOdRPqzuOzGfoUyJpFSmeqBNYGPrAH8GPoPjUQTfp+NycwrD2H68VtuF8qxv0vQ==}

  workbox-routing@7.4.1:
    resolution: {integrity: sha512-yubJGErZOusuidAenaL5ypfhQOa7urxP/f8E0ws7FPb4039RiWXUWBAyUkmUoOL/BcQGen3h0J8872d51IYxtA==}

  workbox-strategies@7.4.1:
    resolution: {integrity: sha512-GZxpaw9NbmOelj7667uZ2kpk5BFpOGbO4X0qjwh5ls8XQ8C+Lha5LQchTiUzsTFSS+NlUpftYAyOVXvQUrcqOQ==}

snapshots:

  daisyui@5.7.44: {}

  heroicons@2.2.0: {}

  idb@7.1.1: {}

  topbar@3.0.1: {}

  workbox-cacheable-response@7.4.1:
    dependencies:
      workbox-core: 7.4.1

  workbox-core@7.4.1: {}

  workbox-expiration@7.4.1:
    dependencies:
      idb: 7.1.1
      workbox-core: 7.4.1

  workbox-range-requests@7.4.1:
    dependencies:
      workbox-core: 7.4.1

  workbox-routing@7.4.1:
    dependencies:
      workbox-core: 7.4.1

  workbox-strategies@7.4.1:
    dependencies:
      workbox-core: 7.4.1
